
Microsoft Visual Studio Solution File, Format Version 12.00
# Visual Studio Version 17
VisualStudioVersion = 17.8.34322.80
MinimumVisualStudioVersion = 10.0.40219.1
Project("{FAE04EC0-301F-11D3-BF4B-00C04F79EFBC}") = "HSPMicroservicesV2", "HSPMicroservicesV2\HSPMicroservicesV2.csproj", "{066D4D2B-4E35-4C4D-AFC3-08479B8D7521}"
EndProject
Project("{FAE04EC0-301F-11D3-BF4B-00C04F79EFBC}") = "ApiGatewayOcelot", "ApiGatewayOcelot\ApiGatewayOcelot.csproj", "{D1202AD3-FEF7-4F96-818B-B62EB81740CC}"
EndProject
Global
	GlobalSection(SolutionConfigurationPlatforms) = preSolution
		Debug|Any CPU = Debug|Any CPU
		Release|Any CPU = Release|Any CPU
	EndGlobalSection
	GlobalSection(ProjectConfigurationPlatforms) = postSolution
		{066D4D2B-4E35-4C4D-AFC3-08479B8D7521}.Debug|Any CPU.ActiveCfg = Debug|Any CPU
		{066D4D2B-4E35-4C4D-AFC3-08479B8D7521}.Debug|Any CPU.Build.0 = Debug|Any CPU
		{066D4D2B-4E35-4C4D-AFC3-08479B8D7521}.Release|Any CPU.ActiveCfg = Release|Any CPU
		{066D4D2B-4E35-4C4D-AFC3-08479B8D7521}.Release|Any CPU.Build.0 = Release|Any CPU
		{D1202AD3-FEF7-4F96-818B-B62EB81740CC}.Debug|Any CPU.ActiveCfg = Debug|Any CPU
		{D1202AD3-FEF7-4F96-818B-B62EB81740CC}.Debug|Any CPU.Build.0 = Debug|Any CPU
		{D1202AD3-FEF7-4F96-818B-B62EB81740CC}.Release|Any CPU.ActiveCfg = Release|Any CPU
		{D1202AD3-FEF7-4F96-818B-B62EB81740CC}.Release|Any CPU.Build.0 = Release|Any CPU
	EndGlobalSection
	GlobalSection(SolutionProperties) = preSolution
		HideSolutionNode = FALSE
	EndGlobalSection
	GlobalSection(ExtensibilityGlobals) = postSolution
		SolutionGuid = {8556D19B-362E-4468-8ED5-31FCBC2D2436}
	EndGlobalSection
EndGlobal
